
Microsoft Visual Studio Solution File, Format Version 12.00
Project("{FAE04EC0-301F-11D3-BF4B-00C04F79EFBC}") = "Supervisor", "Supervisor\Supervisor.csproj", "{4401BFF2-5237-4625-90ED-751EECC1792F}"
EndProject
Global
	GlobalSection(SolutionConfigurationPlatforms) = preSolution
		Debug|Any CPU = Debug|Any CPU
		Release|Any CPU = Release|Any CPU
	EndGlobalSection
	GlobalSection(ProjectConfigurationPlatforms) = postSolution
		{4401BFF2-5237-4625-90ED-751EECC1792F}.Debug|Any CPU.ActiveCfg = Debug|Any CPU
		{4401BFF2-5237-4625-90ED-751EECC1792F}.Debug|Any CPU.Build.0 = Debug|Any CPU
		{4401BFF2-5237-4625-90ED-751EECC1792F}.Release|Any CPU.ActiveCfg = Release|Any CPU
		{4401BFF2-5237-4625-90ED-751EECC1792F}.Release|Any CPU.Build.0 = Release|Any CPU
	EndGlobalSection
EndGlobal
