
Microsoft Visual Studio Solution File, Format Version 12.00
Project("{FAE04EC0-301F-11D3-BF4B-00C04F79EFBC}") = "AlertSender", "AlertSender\AlertSender.csproj", "{A093CCF1-AEAA-447A-8D00-5969B8CEC54F}"
EndProject
Project("{FAE04EC0-301F-11D3-BF4B-00C04F79EFBC}") = "AlertSender.UnitTests", "AlertSender.UnitTests\AlertSender.UnitTests.csproj", "{FBC835E8-EEAD-429C-AA86-AD2938D6BF95}"
EndProject
Global
	GlobalSection(SolutionConfigurationPlatforms) = preSolution
		Debug|Any CPU = Debug|Any CPU
		Release|Any CPU = Release|Any CPU
	EndGlobalSection
	GlobalSection(ProjectConfigurationPlatforms) = postSolution
		{A093CCF1-AEAA-447A-8D00-5969B8CEC54F}.Debug|Any CPU.ActiveCfg = Debug|Any CPU
		{A093CCF1-AEAA-447A-8D00-5969B8CEC54F}.Debug|Any CPU.Build.0 = Debug|Any CPU
		{A093CCF1-AEAA-447A-8D00-5969B8CEC54F}.Release|Any CPU.ActiveCfg = Release|Any CPU
		{A093CCF1-AEAA-447A-8D00-5969B8CEC54F}.Release|Any CPU.Build.0 = Release|Any CPU
		{FBC835E8-EEAD-429C-AA86-AD2938D6BF95}.Debug|Any CPU.ActiveCfg = Debug|Any CPU
		{FBC835E8-EEAD-429C-AA86-AD2938D6BF95}.Debug|Any CPU.Build.0 = Debug|Any CPU
		{FBC835E8-EEAD-429C-AA86-AD2938D6BF95}.Release|Any CPU.ActiveCfg = Release|Any CPU
		{FBC835E8-EEAD-429C-AA86-AD2938D6BF95}.Release|Any CPU.Build.0 = Release|Any CPU
	EndGlobalSection
EndGlobal
